
Microsoft Visual Studio Solution File, Format Version 12.00
# Visual Studio Version 16
VisualStudioVersion = 16.0.30804.86
MinimumVisualStudioVersion = 10.0.40219.1
Project("{2150E333-8FDC-42A3-9474-1A3956D46DE8}") = "Src", "Src", "{030826F0-4B25-4B1B-8609-D8C16A18772F}"
EndProject
Project("{2150E333-8FDC-42A3-9474-1A3956D46DE8}") = "Test", "Test", "{778A7E48-E03B-45AD-B58A-C21B72EB0486}"
EndProject
Project("{9A19103F-16F7-4668-BE54-9A1E7A4F7556}") = "monitor", "monitor\monitor.csproj", "{7B3C4F8B-5F93-4C90-9586-0D176E61850F}"
EndProject
Project("{9A19103F-16F7-4668-BE54-9A1E7A4F7556}") = "monitor.Test", "monitor.Test\monitor.Test.csproj", "{2146C14E-D942-4FD5-A07B-671A777FE4AC}"
EndProject
Global
	GlobalSection(SolutionConfigurationPlatforms) = preSolution
		Debug|Any CPU = Debug|Any CPU
		Release|Any CPU = Release|Any CPU
	EndGlobalSection
	GlobalSection(ProjectConfigurationPlatforms) = postSolution
		{7B3C4F8B-5F93-4C90-9586-0D176E61850F}.Debug|Any CPU.ActiveCfg = Debug|Any CPU
		{7B3C4F8B-5F93-4C90-9586-0D176E61850F}.Debug|Any CPU.Build.0 = Debug|Any CPU
		{7B3C4F8B-5F93-4C90-9586-0D176E61850F}.Release|Any CPU.ActiveCfg = Release|Any CPU
		{7B3C4F8B-5F93-4C90-9586-0D176E61850F}.Release|Any CPU.Build.0 = Release|Any CPU
		{2146C14E-D942-4FD5-A07B-671A777FE4AC}.Debug|Any CPU.ActiveCfg = Debug|Any CPU
		{2146C14E-D942-4FD5-A07B-671A777FE4AC}.Debug|Any CPU.Build.0 = Debug|Any CPU
		{2146C14E-D942-4FD5-A07B-671A777FE4AC}.Release|Any CPU.ActiveCfg = Release|Any CPU
		{2146C14E-D942-4FD5-A07B-671A777FE4AC}.Release|Any CPU.Build.0 = Release|Any CPU
	EndGlobalSection
	GlobalSection(SolutionProperties) = preSolution
		HideSolutionNode = FALSE
	EndGlobalSection
	GlobalSection(NestedProjects) = preSolution
		{7B3C4F8B-5F93-4C90-9586-0D176E61850F} = {030826F0-4B25-4B1B-8609-D8C16A18772F}
		{2146C14E-D942-4FD5-A07B-671A777FE4AC} = {778A7E48-E03B-45AD-B58A-C21B72EB0486}
	EndGlobalSection
	GlobalSection(ExtensibilityGlobals) = postSolution
		SolutionGuid = {A6EBC5B7-4800-4027-9C7C-4E250478BE7F}
	EndGlobalSection
EndGlobal
